
Microsoft Visual Studio Solution File, Format Version 12.00
# Visual Studio 15
VisualStudioVersion = 15.0.27703.2026
MinimumVisualStudioVersion = 10.0.40219.1
Project("{8BC9CEB8-8B4A-11D0-8D11-00A0C91BC942}") = "Enclave", "Enclave\Enclave.vcxproj", "{C7DA9E3D-E492-4F14-BCAB-C854F57AFC0D}"
EndProject
Project("{8BC9CEB8-8B4A-11D0-8D11-00A0C91BC942}") = "QuoteGen", "QuoteGen\QuoteGen.vcxproj", "{326873B8-CC83-4D58-BF3D-C0850077DE40}"
	ProjectSection(ProjectDependencies) = postProject
		{C7DA9E3D-E492-4F14-BCAB-C854F57AFC0D} = {C7DA9E3D-E492-4F14-BCAB-C854F57AFC0D}
		{1344CDC1-E36A-4E34-97AC-D570D4E3B40D} = {1344CDC1-E36A-4E34-97AC-D570D4E3B40D}
	EndProjectSection
EndProject
Project("{8BC9CEB8-8B4A-11D0-8D11-00A0C91BC942}") = "QuoteProvider", "QuoteProvider\QuoteProvider.vcxproj", "{1344CDC1-E36A-4E34-97AC-D570D4E3B40D}"
EndProject
Global
	GlobalSection(SolutionConfigurationPlatforms) = preSolution
		Debug|x64 = Debug|x64
		Release|x64 = Release|x64
	EndGlobalSection
	GlobalSection(ProjectConfigurationPlatforms) = postSolution
		{C7DA9E3D-E492-4F14-BCAB-C854F57AFC0D}.Debug|x64.ActiveCfg = Debug|x64
		{C7DA9E3D-E492-4F14-BCAB-C854F57AFC0D}.Debug|x64.Build.0 = Debug|x64
		{C7DA9E3D-E492-4F14-BCAB-C854F57AFC0D}.Release|x64.ActiveCfg = Release|x64
		{C7DA9E3D-E492-4F14-BCAB-C854F57AFC0D}.Release|x64.Build.0 = Release|x64
		{326873B8-CC83-4D58-BF3D-C0850077DE40}.Debug|x64.ActiveCfg = Debug|x64
		{326873B8-CC83-4D58-BF3D-C0850077DE40}.Debug|x64.Build.0 = Debug|x64
		{326873B8-CC83-4D58-BF3D-C0850077DE40}.Release|x64.ActiveCfg = Release|x64
		{326873B8-CC83-4D58-BF3D-C0850077DE40}.Release|x64.Build.0 = Release|x64
		{1344CDC1-E36A-4E34-97AC-D570D4E3B40D}.Debug|x64.ActiveCfg = Debug|x64
		{1344CDC1-E36A-4E34-97AC-D570D4E3B40D}.Debug|x64.Build.0 = Debug|x64
		{1344CDC1-E36A-4E34-97AC-D570D4E3B40D}.Release|x64.ActiveCfg = Release|x64
		{1344CDC1-E36A-4E34-97AC-D570D4E3B40D}.Release|x64.Build.0 = Release|x64
	EndGlobalSection
	GlobalSection(SolutionProperties) = preSolution
		HideSolutionNode = FALSE
	EndGlobalSection
	GlobalSection(ExtensibilityGlobals) = postSolution
		SolutionGuid = {5B9719F5-2B97-421D-BDDF-681F3E1766F6}
	EndGlobalSection
EndGlobal
