
Microsoft Visual Studio Solution File, Format Version 12.00
# Visual Studio 15
VisualStudioVersion = 15.0.28010.0
MinimumVisualStudioVersion = 10.0.40219.1
Project("{8BC9CEB8-8B4A-11D0-8D11-00A0C91BC942}") = "pce_wrapper", "pce_wrapper\win\pce_wrapper.vcxproj", "{7A7054A9-BBEC-45A8-A1E5-0F0998CB3A9C}"
	ProjectSection(ProjectDependencies) = postProject
		{69A4AD8F-841C-435B-AD5B-666625DB72FA} = {69A4AD8F-841C-435B-AD5B-666625DB72FA}
	EndProjectSection
EndProject
Project("{8BC9CEB8-8B4A-11D0-8D11-00A0C91BC942}") = "pce_wrapper_static", "pce_wrapper\win\pce_wrapper_static.vcxproj", "{69A4AD8F-841C-435B-AD5B-666625DB72FA}"
EndProject
Project("{8BC9CEB8-8B4A-11D0-8D11-00A0C91BC942}") = "qe3_core_wrapper_static", "quote_wrapper\quote\win\qe3_core_wrapper_static.vcxproj", "{E5E3F636-634B-402F-B05C-111D1D7BDCAD}"
	ProjectSection(ProjectDependencies) = postProject
		{69A4AD8F-841C-435B-AD5B-666625DB72FA} = {69A4AD8F-841C-435B-AD5B-666625DB72FA}
	EndProjectSection
EndProject
Project("{8BC9CEB8-8B4A-11D0-8D11-00A0C91BC942}") = "dcap_ql_static", "quote_wrapper\ql\win\dcap_ql_static.vcxproj", "{A4FE56B2-5C8D-4C62-81DD-ECA80A5B1974}"
	ProjectSection(ProjectDependencies) = postProject
		{E5E3F636-634B-402F-B05C-111D1D7BDCAD} = {E5E3F636-634B-402F-B05C-111D1D7BDCAD}
	EndProjectSection
EndProject
Project("{8BC9CEB8-8B4A-11D0-8D11-00A0C91BC942}") = "dcap_ql", "quote_wrapper\ql\win\dcap_ql.vcxproj", "{13CFD463-5174-47C5-904C-B49F5E6231CD}"
	ProjectSection(ProjectDependencies) = postProject
		{E5E3F636-634B-402F-B05C-111D1D7BDCAD} = {E5E3F636-634B-402F-B05C-111D1D7BDCAD}
		{7A7054A9-BBEC-45A8-A1E5-0F0998CB3A9C} = {7A7054A9-BBEC-45A8-A1E5-0F0998CB3A9C}
	EndProjectSection
EndProject
Project("{8BC9CEB8-8B4A-11D0-8D11-00A0C91BC942}") = "qe3", "quote_wrapper\quote\enclave\win\qe3.vcxproj", "{23FC13E9-0485-42B6-A8EC-5A8AC00065AB}"
EndProject
Project("{8BC9CEB8-8B4A-11D0-8D11-00A0C91BC942}") = "qcnl_wrapper", "qcnl\win\qcnl_wrapper.vcxproj", "{08763106-73D8-4C02-BA8D-BEAE528B45B1}"
EndProject
Project("{8BC9CEB8-8B4A-11D0-8D11-00A0C91BC942}") = "qpl", "qpl\win\qpl.vcxproj", "{3065A1CA-AACA-4212-9B3F-E0C3A6290C19}"
	ProjectSection(ProjectDependencies) = postProject
		{08763106-73D8-4C02-BA8D-BEAE528B45B1} = {08763106-73D8-4C02-BA8D-BEAE528B45B1}
	EndProjectSection
EndProject
Global
	GlobalSection(SolutionConfigurationPlatforms) = preSolution
		Debug|Win32 = Debug|Win32
		Debug|x64 = Debug|x64
		Release|Win32 = Release|Win32
		Release|x64 = Release|x64
	EndGlobalSection
	GlobalSection(ProjectConfigurationPlatforms) = postSolution
		{7A7054A9-BBEC-45A8-A1E5-0F0998CB3A9C}.Debug|Win32.ActiveCfg = Debug|Win32
		{7A7054A9-BBEC-45A8-A1E5-0F0998CB3A9C}.Debug|Win32.Build.0 = Debug|Win32
		{7A7054A9-BBEC-45A8-A1E5-0F0998CB3A9C}.Debug|x64.ActiveCfg = Debug|x64
		{7A7054A9-BBEC-45A8-A1E5-0F0998CB3A9C}.Debug|x64.Build.0 = Debug|x64
		{7A7054A9-BBEC-45A8-A1E5-0F0998CB3A9C}.Release|Win32.ActiveCfg = Release|Win32
		{7A7054A9-BBEC-45A8-A1E5-0F0998CB3A9C}.Release|Win32.Build.0 = Release|Win32
		{7A7054A9-BBEC-45A8-A1E5-0F0998CB3A9C}.Release|x64.ActiveCfg = Release|x64
		{7A7054A9-BBEC-45A8-A1E5-0F0998CB3A9C}.Release|x64.Build.0 = Release|x64
		{69A4AD8F-841C-435B-AD5B-666625DB72FA}.Debug|Win32.ActiveCfg = Debug|Win32
		{69A4AD8F-841C-435B-AD5B-666625DB72FA}.Debug|Win32.Build.0 = Debug|Win32
		{69A4AD8F-841C-435B-AD5B-666625DB72FA}.Debug|x64.ActiveCfg = Debug|x64
		{69A4AD8F-841C-435B-AD5B-666625DB72FA}.Debug|x64.Build.0 = Debug|x64
		{69A4AD8F-841C-435B-AD5B-666625DB72FA}.Release|Win32.ActiveCfg = Release|Win32
		{69A4AD8F-841C-435B-AD5B-666625DB72FA}.Release|Win32.Build.0 = Release|Win32
		{69A4AD8F-841C-435B-AD5B-666625DB72FA}.Release|x64.ActiveCfg = Release|x64
		{69A4AD8F-841C-435B-AD5B-666625DB72FA}.Release|x64.Build.0 = Release|x64
		{E5E3F636-634B-402F-B05C-111D1D7BDCAD}.Debug|Win32.ActiveCfg = Debug|Win32
		{E5E3F636-634B-402F-B05C-111D1D7BDCAD}.Debug|Win32.Build.0 = Debug|Win32
		{E5E3F636-634B-402F-B05C-111D1D7BDCAD}.Debug|x64.ActiveCfg = Debug|x64
		{E5E3F636-634B-402F-B05C-111D1D7BDCAD}.Debug|x64.Build.0 = Debug|x64
		{E5E3F636-634B-402F-B05C-111D1D7BDCAD}.Release|Win32.ActiveCfg = Release|Win32
		{E5E3F636-634B-402F-B05C-111D1D7BDCAD}.Release|Win32.Build.0 = Release|Win32
		{E5E3F636-634B-402F-B05C-111D1D7BDCAD}.Release|x64.ActiveCfg = Release|x64
		{E5E3F636-634B-402F-B05C-111D1D7BDCAD}.Release|x64.Build.0 = Release|x64
		{A4FE56B2-5C8D-4C62-81DD-ECA80A5B1974}.Debug|Win32.ActiveCfg = Debug|Win32
		{A4FE56B2-5C8D-4C62-81DD-ECA80A5B1974}.Debug|Win32.Build.0 = Debug|Win32
		{A4FE56B2-5C8D-4C62-81DD-ECA80A5B1974}.Debug|x64.ActiveCfg = Debug|x64
		{A4FE56B2-5C8D-4C62-81DD-ECA80A5B1974}.Debug|x64.Build.0 = Debug|x64
		{A4FE56B2-5C8D-4C62-81DD-ECA80A5B1974}.Release|Win32.ActiveCfg = Release|Win32
		{A4FE56B2-5C8D-4C62-81DD-ECA80A5B1974}.Release|Win32.Build.0 = Release|Win32
		{A4FE56B2-5C8D-4C62-81DD-ECA80A5B1974}.Release|x64.ActiveCfg = Release|x64
		{A4FE56B2-5C8D-4C62-81DD-ECA80A5B1974}.Release|x64.Build.0 = Release|x64
		{13CFD463-5174-47C5-904C-B49F5E6231CD}.Debug|Win32.ActiveCfg = Debug|Win32
		{13CFD463-5174-47C5-904C-B49F5E6231CD}.Debug|Win32.Build.0 = Debug|Win32
		{13CFD463-5174-47C5-904C-B49F5E6231CD}.Debug|x64.ActiveCfg = Debug|x64
		{13CFD463-5174-47C5-904C-B49F5E6231CD}.Debug|x64.Build.0 = Debug|x64
		{13CFD463-5174-47C5-904C-B49F5E6231CD}.Release|Win32.ActiveCfg = Release|Win32
		{13CFD463-5174-47C5-904C-B49F5E6231CD}.Release|Win32.Build.0 = Release|Win32
		{13CFD463-5174-47C5-904C-B49F5E6231CD}.Release|x64.ActiveCfg = Release|x64
		{13CFD463-5174-47C5-904C-B49F5E6231CD}.Release|x64.Build.0 = Release|x64
		{23FC13E9-0485-42B6-A8EC-5A8AC00065AB}.Debug|Win32.ActiveCfg = Debug|Win32
		{23FC13E9-0485-42B6-A8EC-5A8AC00065AB}.Debug|Win32.Build.0 = Debug|Win32
		{23FC13E9-0485-42B6-A8EC-5A8AC00065AB}.Debug|x64.ActiveCfg = Debug|x64
		{23FC13E9-0485-42B6-A8EC-5A8AC00065AB}.Debug|x64.Build.0 = Debug|x64
		{23FC13E9-0485-42B6-A8EC-5A8AC00065AB}.Release|Win32.ActiveCfg = Release|Win32
		{23FC13E9-0485-42B6-A8EC-5A8AC00065AB}.Release|Win32.Build.0 = Release|Win32
		{23FC13E9-0485-42B6-A8EC-5A8AC00065AB}.Release|x64.ActiveCfg = Release|x64
		{23FC13E9-0485-42B6-A8EC-5A8AC00065AB}.Release|x64.Build.0 = Release|x64
		{08763106-73D8-4C02-BA8D-BEAE528B45B1}.Debug|Win32.ActiveCfg = Debug|Win32
		{08763106-73D8-4C02-BA8D-BEAE528B45B1}.Debug|Win32.Build.0 = Debug|Win32
		{08763106-73D8-4C02-BA8D-BEAE528B45B1}.Debug|x64.ActiveCfg = Debug|x64
		{08763106-73D8-4C02-BA8D-BEAE528B45B1}.Debug|x64.Build.0 = Debug|x64
		{08763106-73D8-4C02-BA8D-BEAE528B45B1}.Release|Win32.ActiveCfg = Release|Win32
		{08763106-73D8-4C02-BA8D-BEAE528B45B1}.Release|Win32.Build.0 = Release|Win32
		{08763106-73D8-4C02-BA8D-BEAE528B45B1}.Release|x64.ActiveCfg = Release|x64
		{08763106-73D8-4C02-BA8D-BEAE528B45B1}.Release|x64.Build.0 = Release|x64
		{3065A1CA-AACA-4212-9B3F-E0C3A6290C19}.Debug|Win32.ActiveCfg = Debug|Win32
		{3065A1CA-AACA-4212-9B3F-E0C3A6290C19}.Debug|Win32.Build.0 = Debug|Win32
		{3065A1CA-AACA-4212-9B3F-E0C3A6290C19}.Debug|x64.ActiveCfg = Debug|x64
		{3065A1CA-AACA-4212-9B3F-E0C3A6290C19}.Debug|x64.Build.0 = Debug|x64
		{3065A1CA-AACA-4212-9B3F-E0C3A6290C19}.Release|Win32.ActiveCfg = Release|Win32
		{3065A1CA-AACA-4212-9B3F-E0C3A6290C19}.Release|Win32.Build.0 = Release|Win32
		{3065A1CA-AACA-4212-9B3F-E0C3A6290C19}.Release|x64.ActiveCfg = Release|x64
		{3065A1CA-AACA-4212-9B3F-E0C3A6290C19}.Release|x64.Build.0 = Release|x64
	EndGlobalSection
	GlobalSection(SolutionProperties) = preSolution
		HideSolutionNode = FALSE
	EndGlobalSection
	GlobalSection(ExtensibilityGlobals) = postSolution
		SolutionGuid = {F6DCE193-3584-47B2-A0B6-C429A19DE813}
	EndGlobalSection
EndGlobal
